
Microsoft Visual Studio Solution File, Format Version 12.00
# Visual Studio Version 17
VisualStudioVersion = 17.10.35122.118
MinimumVisualStudioVersion = 10.0.40219.1
Project("{FAE04EC0-301F-11D3-BF4B-00C04F79EFBC}") = "IlkSınıfPratigi", "IlkSınıfPratigi.csproj", "{D5D5F0F3-FCAF-4EAD-8E99-43B2C99791D0}"
EndProject
Global
	GlobalSection(SolutionConfigurationPlatforms) = preSolution
		Debug|Any CPU = Debug|Any CPU
		Release|Any CPU = Release|Any CPU
	EndGlobalSection
	GlobalSection(ProjectConfigurationPlatforms) = postSolution
		{D5D5F0F3-FCAF-4EAD-8E99-43B2C99791D0}.Debug|Any CPU.ActiveCfg = Debug|Any CPU
		{D5D5F0F3-FCAF-4EAD-8E99-43B2C99791D0}.Debug|Any CPU.Build.0 = Debug|Any CPU
		{D5D5F0F3-FCAF-4EAD-8E99-43B2C99791D0}.Release|Any CPU.ActiveCfg = Release|Any CPU
		{D5D5F0F3-FCAF-4EAD-8E99-43B2C99791D0}.Release|Any CPU.Build.0 = Release|Any CPU
	EndGlobalSection
	GlobalSection(SolutionProperties) = preSolution
		HideSolutionNode = FALSE
	EndGlobalSection
	GlobalSection(ExtensibilityGlobals) = postSolution
		SolutionGuid = {46A168CC-3530-4D43-907B-3AA9196D64B6}
	EndGlobalSection
EndGlobal
